{
  "nodes": {
    "home-manager": {
      "inputs": {
        "nixpkgs": [
          "nixpkgs"
        ]
      },
      "locked": {
        "lastModified": 1736373539,
        "narHash": "sha256-dinzAqCjenWDxuy+MqUQq0I4zUSfaCvN9rzuCmgMZJY=",
        "owner": "nix-community",
        "repo": "home-manager",
        "rev": "bd65bc3cde04c16755955630b344bc9e35272c56",
        "type": "github"
      },
      "original": {
        "id": "home-manager",
        "ref": "release-24.11",
        "type": "indirect"
      }
    },
    "nixos-hardware": {
      "locked": {
        "lastModified": 1737306472,
        "narHash": "sha256-+X9KAryvDsIE7lQ0FdfiD1u33nOVgsgufedqspf77N4=",
        "owner": "NixOS",
        "repo": "nixos-hardware",
        "rev": "cb3173dc5c746fa95bca1f035a7e4d2b588894ac",
        "type": "github"
      },
      "original": {
        "id": "nixos-hardware",
        "type": "indirect"
      }
    },
    "nixpkgs": {
      "locked": {
        "lastModified": 1737299813,
        "narHash": "sha256-Qw2PwmkXDK8sPQ5YQ/y/icbQ+TYgbxfjhgnkNJyT1X8=",
        "owner": "NixOS",
        "repo": "nixpkgs",
        "rev": "107d5ef05c0b1119749e381451389eded30fb0d5",
        "type": "github"
      },
      "original": {
        "id": "nixpkgs",
        "ref": "nixos-24.11",
        "type": "indirect"
      }
    },
    "root": {
      "inputs": {
        "home-manager": "home-manager",
        "nixos-hardware": "nixos-hardware",
        "nixpkgs": "nixpkgs",
        "rycee-nur": "rycee-nur"
      }
    },
    "rycee-nur": {
      "flake": false,
      "locked": {
        "lastModified": 1737300668,
        "narHash": "sha256-wXKdOKufzA4cUoHrKWOaPSyCjGEuPHWB7EOjPZKw5uQ=",
        "owner": "rycee",
        "repo": "nur-expressions",
        "rev": "a66d5a22e3659544f41970472bd944a7824eb572",
        "type": "gitlab"
      },
      "original": {
        "owner": "rycee",
        "repo": "nur-expressions",
        "type": "gitlab"
      }
    }
  },
  "root": "root",
  "version": 7
}
