{
  "nodes": {
    "home-manager": {
      "inputs": {
        "nixpkgs": [
          "nixpkgs"
        ]
      },
      "locked": {
        "lastModified": 1726989464,
        "narHash": "sha256-Vl+WVTJwutXkimwGprnEtXc/s/s8sMuXzqXaspIGlwM=",
        "owner": "nix-community",
        "repo": "home-manager",
        "rev": "2f23fa308a7c067e52dfcc30a0758f47043ec176",
        "type": "github"
      },
      "original": {
        "id": "home-manager",
        "ref": "release-24.05",
        "type": "indirect"
      }
    },
    "nixpkgs": {
      "locked": {
        "lastModified": 1728193676,
        "narHash": "sha256-PbDWAIjKJdlVg+qQRhzdSor04bAPApDqIv2DofTyynk=",
        "owner": "NixOS",
        "repo": "nixpkgs",
        "rev": "ecbc1ca8ffd6aea8372ad16be9ebbb39889e55b6",
        "type": "github"
      },
      "original": {
        "id": "nixpkgs",
        "ref": "nixos-24.05",
        "type": "indirect"
      }
    },
    "nur": {
      "locked": {
        "lastModified": 1728226241,
        "narHash": "sha256-TkY1yXx/gydHjjPbsSZ+xgQSbYASJ/RtcGKPBKuDOyk=",
        "owner": "nix-community",
        "repo": "NUR",
        "rev": "9cb9697940500fd10bc27bb68c7259b4cf0b32de",
        "type": "github"
      },
      "original": {
        "id": "nur",
        "type": "indirect"
      }
    },
    "root": {
      "inputs": {
        "home-manager": "home-manager",
        "nixpkgs": "nixpkgs",
        "nur": "nur"
      }
    }
  },
  "root": "root",
  "version": 7
}
